{
  "version": 4,
  "terraform_version": "0.13.7",
  "serial": 19,
  "lineage": "6b2e880b-746c-8660-a096-918cf9cf14c3",
  "outputs": {
    "application_server_ip": {
      "value": "35.94.152.7",
      "type": "string"
    },
    "application_server_username": {
      "value": "62564cf5c044c2e0e55aa6f2b9873978bc2f8f11",
      "type": "string"
    }
  },
  "resources": [
    {
      "mode": "managed",
      "type": "aws_instance",
      "name": "app_server",
      "provider": "provider[\"registry.terraform.io/hashicorp/aws\"]",
      "instances": [
        {
          "schema_version": 1,
          "attributes": {
            "ami": "ami-0b36f01815a8c5ab1",
            "arn": "arn:aws:ec2:us-west-2:312730830156:instance/i-06e5c1ed1f2b5d90f",
            "associate_public_ip_address": true,
            "availability_zone": "us-west-2a",
            "capacity_reservation_specification": [
              {
                "capacity_reservation_preference": "open",
                "capacity_reservation_target": []
              }
            ],
            "cpu_core_count": 1,
            "cpu_options": [
              {
                "amd_sev_snp": "",
                "core_count": 1,
                "threads_per_core": 1
              }
            ],
            "cpu_threads_per_core": 1,
            "credit_specification": [
              {
                "cpu_credits": "standard"
              }
            ],
            "disable_api_stop": false,
            "disable_api_termination": false,
            "ebs_block_device": [],
            "ebs_optimized": false,
            "enclave_options": [
              {
                "enabled": false
              }
            ],
            "ephemeral_block_device": [],
            "get_password_data": false,
            "hibernation": false,
            "host_id": "",
            "host_resource_group_arn": null,
            "iam_instance_profile": "",
            "id": "i-06e5c1ed1f2b5d90f",
            "instance_initiated_shutdown_behavior": "stop",
            "instance_lifecycle": "",
            "instance_market_options": [],
            "instance_state": "running",
            "instance_type": "t2.micro",
            "ipv6_address_count": 0,
            "ipv6_addresses": [],
            "key_name": "application-server",
            "launch_template": [],
            "maintenance_options": [
              {
                "auto_recovery": "default"
              }
            ],
            "metadata_options": [
              {
                "http_endpoint": "enabled",
                "http_protocol_ipv6": "disabled",
                "http_put_response_hop_limit": 1,
                "http_tokens": "optional",
                "instance_metadata_tags": "disabled"
              }
            ],
            "monitoring": false,
            "network_interface": [],
            "outpost_arn": "",
            "password_data": "",
            "placement_group": "",
            "placement_partition_number": 0,
            "primary_network_interface_id": "eni-042f868010356a58d",
            "private_dns": "ip-172-31-17-170.us-west-2.compute.internal",
            "private_dns_name_options": [
              {
                "enable_resource_name_dns_a_record": false,
                "enable_resource_name_dns_aaaa_record": false,
                "hostname_type": "ip-name"
              }
            ],
            "private_ip": "172.31.17.170",
            "public_dns": "ec2-35-94-152-7.us-west-2.compute.amazonaws.com",
            "public_ip": "35.94.152.7",
            "root_block_device": [
              {
                "delete_on_termination": true,
                "device_name": "/dev/sda1",
                "encrypted": false,
                "iops": 100,
                "kms_key_id": "",
                "tags": {},
                "tags_all": {},
                "throughput": 0,
                "volume_id": "vol-0109e507f4850ed87",
                "volume_size": 8,
                "volume_type": "gp2"
              }
            ],
            "secondary_private_ips": [],
            "security_groups": [
              "default"
            ],
            "source_dest_check": true,
            "spot_instance_request_id": "",
            "subnet_id": "subnet-1f26fe67",
            "tags": {
              "Name": "local-application-server"
            },
            "tags_all": {
              "Name": "local-application-server"
            },
            "tenancy": "default",
            "timeouts": null,
            "user_data": "62564cf5c044c2e0e55aa6f2b9873978bc2f8f11",
            "user_data_base64": null,
            "user_data_replace_on_change": false,
            "volume_tags": null,
            "vpc_security_group_ids": [
              "sg-760a8659"
            ]
          },
          "private": "eyJlMmJmYjczMC1lY2FhLTExZTYtOGY4OC0zNDM2M2JjN2M0YzAiOnsiY3JlYXRlIjo2MDAwMDAwMDAwMDAsImRlbGV0ZSI6MTIwMDAwMDAwMDAwMCwicmVhZCI6OTAwMDAwMDAwMDAwLCJ1cGRhdGUiOjYwMDAwMDAwMDAwMH0sInNjaGVtYV92ZXJzaW9uIjoiMSJ9",
          "dependencies": [
            "aws_key_pair.tf_key"
          ]
        }
      ]
    },
    {
      "mode": "managed",
      "type": "aws_key_pair",
      "name": "tf_key",
      "provider": "provider[\"registry.terraform.io/hashicorp/aws\"]",
      "instances": [
        {
          "schema_version": 1,
          "attributes": {
            "arn": "arn:aws:ec2:us-west-2:312730830156:key-pair/application-server",
            "fingerprint": "50:32:06:da:c1:5e:40:cb:04:10:fd:80:8e:4f:4e:53",
            "id": "application-server",
            "key_name": "application-server",
            "key_name_prefix": "",
            "key_pair_id": "key-065d52db87f21b30e",
            "key_type": "rsa",
            "public_key": "ssh-rsa AAAAB3NzaC1yc2EAAAADAQABAAABAQC2o9buTs4ITt2Q+ANdCW0P9HdHsk9neJ9Dk2K05ngIfETmmFpPw99Ty1yF3EwAk75GJe958kdnqoncLQokxxHAEkNBgef5YWwhNj/dzHiUtnjK1OSihH00sMENypqyAwZl1KVB3aiDSvx6pFybU838Ry2kaLexSwHkqK2dnta/FENBYeh3D4j5Vl9GCM99I5CH75VEkCxcjyQVhgqsAgV6B0pfAl7dlfNUSIkr866aXA4GpJx5GFWdm1Yykqn2PWNvH3s+JrG6OmRSI70o3P2ZWkb1ASHy2q6hdAdbbhvsUgOPbW+cYXgEX1O2Qeq45DFsl+T2cdyuMffNv6jJMUqj kart1813@YYTR9369X5.local",
            "tags": {},
            "tags_all": {}
          },
          "private": "eyJzY2hlbWFfdmVyc2lvbiI6IjEifQ=="
        }
      ]
    }
  ]
}
